
Microsoft Visual Studio Solution File, Format Version 12.00
# Visual Studio 15
VisualStudioVersion = 15.0.28307.960
MinimumVisualStudioVersion = 10.0.40219.1
Project("{8BC9CEB8-8B4A-11D0-8D11-00A0C91BC942}") = "Sandbox", "Sandbox\Sandbox.vcxproj", "{D25DA653-4A6D-48B2-ADC5-F44500ECCADD}"
EndProject
Project("{8BC9CEB8-8B4A-11D0-8D11-00A0C91BC942}") = "Timid", "Timid\Timid.vcxproj", "{4FB9AE91-A29B-43DF-A255-C93C0CA3E8D8}"
EndProject
Global
	GlobalSection(SolutionConfigurationPlatforms) = preSolution
		Debug|x64 = Debug|x64
		Release|x64 = Release|x64
	EndGlobalSection
	GlobalSection(ProjectConfigurationPlatforms) = postSolution
		{4FB9AE91-A29B-43DF-A255-C93C0CA3E8D8}.Debug|x64.ActiveCfg = Debug|x64
		{4FB9AE91-A29B-43DF-A255-C93C0CA3E8D8}.Debug|x64.Build.0 = Debug|x64
		{4FB9AE91-A29B-43DF-A255-C93C0CA3E8D8}.Release|x64.ActiveCfg = Release|x64
		{4FB9AE91-A29B-43DF-A255-C93C0CA3E8D8}.Release|x64.Build.0 = Release|x64
		{D25DA653-4A6D-48B2-ADC5-F44500ECCADD}.Debug|x64.ActiveCfg = Debug|x64
		{D25DA653-4A6D-48B2-ADC5-F44500ECCADD}.Debug|x64.Build.0 = Debug|x64
		{D25DA653-4A6D-48B2-ADC5-F44500ECCADD}.Release|x64.ActiveCfg = Release|x64
		{D25DA653-4A6D-48B2-ADC5-F44500ECCADD}.Release|x64.Build.0 = Release|x64
	EndGlobalSection
	GlobalSection(SolutionProperties) = preSolution
		HideSolutionNode = FALSE
	EndGlobalSection
	GlobalSection(ExtensibilityGlobals) = postSolution
		SolutionGuid = {531ABEEE-A418-4189-BAE0-54B75A943C4E}
	EndGlobalSection
EndGlobal
